{
    "requires": true,
    "lockfileVersion": 1,
    "dependencies": {
        "bson": {
            "version": "0.4.23",
            "resolved": "https://registry.npmjs.org/bson/-/bson-0.4.23.tgz",
            "integrity": "sha1-5louPHUH/63kEJvHV1p25Q+NqRU="
        },
        "core-util-is": {
            "version": "1.0.2",
            "resolved": "https://registry.npmjs.org/core-util-is/-/core-util-is-1.0.2.tgz",
            "integrity": "sha1-tf1UIgqivFq1eqtxQMlAdUUDwac="
        },
        "inherits": {
            "version": "2.0.3",
            "resolved": "https://registry.npmjs.org/inherits/-/inherits-2.0.3.tgz",
            "integrity": "sha1-Yzwsg+PaQqUC9SRmAiSA9CCCYd4="
        },
        "isarray": {
            "version": "0.0.1",
            "resolved": "https://registry.npmjs.org/isarray/-/isarray-0.0.1.tgz",
            "integrity": "sha1-ihis/Kmo9Bd+Cav8YDiTmwXR7t8="
        },
        "kerberos": {
            "version": "0.0.23",
            "resolved": "https://registry.npmjs.org/kerberos/-/kerberos-0.0.23.tgz",
            "integrity": "sha1-aqRq/bl4bGkZOIzFtAjwEscfD9E=",
            "optional": true,
            "requires": {
                "nan": "2.5.1"
            }
        },
        "mongodb": {
            "version": "2.0.35",
            "resolved": "https://registry.npmjs.org/mongodb/-/mongodb-2.0.35.tgz",
            "integrity": "sha1-B3vb5QrJNcd28lBMp+HXK73P03s=",
            "requires": {
                "mongodb-core": "1.2.2",
                "readable-stream": "1.0.31"
            }
        },
        "mongodb-core": {
            "version": "1.2.2",
            "resolved": "https://registry.npmjs.org/mongodb-core/-/mongodb-core-1.2.2.tgz",
            "integrity": "sha1-QrNzl3x5sKmgIXjsNKTCA6HdlOI=",
            "requires": {
                "bson": "0.4.23",
                "kerberos": "0.0.23"
            }
        },
        "nan": {
            "version": "2.5.1",
            "resolved": "https://registry.npmjs.org/nan/-/nan-2.5.1.tgz",
            "integrity": "sha1-1bAWkSUzJql6K77p5hxV2NYDUeI=",
            "optional": true
        },
        "readable-stream": {
            "version": "1.0.31",
            "resolved": "https://registry.npmjs.org/readable-stream/-/readable-stream-1.0.31.tgz",
            "integrity": "sha1-jyUC4LyeOw2huUUgqrtOJgPsr64=",
            "requires": {
                "core-util-is": "1.0.2",
                "inherits": "2.0.3",
                "isarray": "0.0.1",
                "string_decoder": "0.10.31"
            }
        },
        "string_decoder": {
            "version": "0.10.31",
            "resolved": "https://registry.npmjs.org/string_decoder/-/string_decoder-0.10.31.tgz",
            "integrity": "sha1-YuIDvEF2bGwoyfyEMB2rHFMQ+pQ="
        }
    }
}
